<?xml version="1.0" encoding="utf-8"?>
<Project ToolsVersion="4.0" xmlns="http://schemas.microsoft.com/developer/msbuild/2003">
  <ItemGroup>
    <Filter Include="Source Files">
      <UniqueIdentifier>{4FC737F1-C7A5-4376-A066-2A32D752A2FF}</UniqueIdentifier>
      <Extensions>cpp;c;cc;cxx;c++;cppm;ixx;def;odl;idl;hpj;bat;asm;asmx</Extensions>
    </Filter>
    <Filter Include="Header Files">
      <UniqueIdentifier>{93995380-89BD-4b04-88EB-625FBE52EBFB}</UniqueIdentifier>
      <Extensions>h;hh;hpp;hxx;h++;hm;inl;inc;ipp;xsd</Extensions>
    </Filter>
    <Filter Include="Resource Files">
      <UniqueIdentifier>{67DA6AB6-F800-4c08-8B7A-83BB121AAD01}</UniqueIdentifier>
      <Extensions>rc;ico;cur;bmp;dlg;rc2;rct;bin;rgs;gif;jpg;jpeg;jpe;resx;tiff;tif;png;wav;mfcribbon-ms</Extensions>
    </Filter>
  </ItemGroup>
  <ItemGroup>
    <ClInclude Include="Core.h">
      <Filter>Header Files</Filter>
    </ClInclude>
  </ItemGroup>
  <ItemGroup>
    <ClCompile Include="Mikrokosmos.ixx">
      <Filter>Source Files</Filter>
    </ClCompile>
    <ClCompile Include="Applications\Application.ixx">
      <Filter>Source Files</Filter>
    </ClCompile>
    <ClCompile Include="Diagnostics\Diagnostics.ixx">
      <Filter>Source Files</Filter>
    </ClCompile>
    <ClCompile Include="UI\Window.ixx">
      <Filter>Source Files</Filter>
    </ClCompile>
    <ClCompile Include="UI\Win32\Win32Window.ixx">
      <Filter>Source Files</Filter>
    </ClCompile>
    <ClCompile Include="UI\UI.ixx">
      <Filter>Source Files</Filter>
    </ClCompile>
    <ClCompile Include="Events\Event.ixx">
      <Filter>Source Files</Filter>
    </ClCompile>
    <ClCompile Include="Events\EventDispatcher.ixx">
      <Filter>Source Files</Filter>
    </ClCompile>
    <ClCompile Include="Events\WindowEvents.ixx">
      <Filter>Source Files</Filter>
    </ClCompile>
    <ClCompile Include="Events\Events.ixx">
      <Filter>Source Files</Filter>
    </ClCompile>
    <ClCompile Include="Events\MouseEvents.ixx">
      <Filter>Source Files</Filter>
    </ClCompile>
    <ClCompile Include="Events\Delegate.ixx">
      <Filter>Source Files</Filter>
    </ClCompile>
    <ClCompile Include="Applications\LayerStack.ixx">
      <Filter>Source Files</Filter>
    </ClCompile>
    <ClCompile Include="Applications\DebugLayer.ixx">
      <Filter>Source Files</Filter>
    </ClCompile>
    <ClCompile Include="Applications\Applications.ixx">
      <Filter>Source Files</Filter>
    </ClCompile>
    <ClCompile Include="Applications\Layer.ixx">
      <Filter>Source Files</Filter>
    </ClCompile>
    <ClCompile Include="Diagnostics\Logger.ixx">
      <Filter>Source Files</Filter>
    </ClCompile>
    <ClCompile Include="Applications\Layer.ixx">
      <Filter>Source Files</Filter>
    </ClCompile>
    <ClCompile Include="Applications\Applications.ixx">
      <Filter>Source Files</Filter>
    </ClCompile>
    <ClCompile Include="Input\Input.ixx">
      <Filter>Source Files</Filter>
    </ClCompile>
    <ClCompile Include="Input\Keyboard.ixx">
      <Filter>Source Files</Filter>
    </ClCompile>
    <ClCompile Include="Input\Mouse.ixx">
      <Filter>Source Files</Filter>
    </ClCompile>
    <ClCompile Include="Mathematics\Algebra\Algebra.ixx">
      <Filter>Source Files</Filter>
    </ClCompile>
    <ClCompile Include="Mathematics\Geometry\Geometry.ixx">
      <Filter>Source Files</Filter>
    </ClCompile>
    <ClCompile Include="Mathematics\Mathematics.ixx">
      <Filter>Source Files</Filter>
    </ClCompile>
    <ClCompile Include="Mathematics\Geometry\Point.ixx">
      <Filter>Source Files</Filter>
    </ClCompile>
    <ClCompile Include="Mathematics\Algebra\Vector.ixx">
      <Filter>Source Files</Filter>
    </ClCompile>
    <ClCompile Include="Events\KeyEvents.ixx">
      <Filter>Source Files</Filter>
    </ClCompile>
    <ClCompile Include="Input\Win32\Win32Keyboard.cpp">
      <Filter>Source Files</Filter>
    </ClCompile>
    <ClCompile Include="Input\Win32\Win32Mouse.cpp">
      <Filter>Source Files</Filter>
    </ClCompile>
    <ClCompile Include="UI\ImGui\ImGuiBuild.cpp">
      <Filter>Source Files</Filter>
    </ClCompile>
    <ClCompile Include="Applications\Application.cpp">
      <Filter>Source Files</Filter>
    </ClCompile>
    <ClCompile Include="Applications\DebugLayer.cpp">
      <Filter>Source Files</Filter>
    </ClCompile>
    <ClCompile Include="Graphics\Rendering\DeviceContext.ixx">
      <Filter>Source Files</Filter>
    </ClCompile>
    <ClCompile Include="Graphics\Rendering\RenderDevice.ixx">
      <Filter>Source Files</Filter>
    </ClCompile>
    <ClCompile Include="Graphics\Rendering\SwapChain.ixx">
      <Filter>Source Files</Filter>
    </ClCompile>
    <ClCompile Include="Graphics\Rendering\Renderer.ixx">
      <Filter>Source Files</Filter>
    </ClCompile>
    <ClCompile Include="Graphics\Graphics.ixx">
      <Filter>Source Files</Filter>
    </ClCompile>
    <ClCompile Include="Graphics\Rendering\Rendering.ixx">
      <Filter>Source Files</Filter>
    </ClCompile>
    <ClCompile Include="Graphics\Rendering\GL\GLRenderer.ixx">
      <Filter>Source Files</Filter>
    </ClCompile>
    <ClCompile Include="Graphics\Rendering\GL\GLDeviceContext.ixx">
      <Filter>Source Files</Filter>
    </ClCompile>
    <ClCompile Include="Graphics\Rendering\GL\GLRenderDevice.ixx">
      <Filter>Source Files</Filter>
    </ClCompile>
    <ClCompile Include="Graphics\Rendering\GL\GLSwapChain.ixx">
      <Filter>Source Files</Filter>
    </ClCompile>
    <ClCompile Include="Graphics\GraphicsSystem.ixx">
      <Filter>Source Files</Filter>
    </ClCompile>
    <ClCompile Include="Graphics\Rendering\Resource.ixx">
      <Filter>Source Files</Filter>
    </ClCompile>
    <ClCompile Include="Graphics\Rendering\Buffer.ixx">
      <Filter>Source Files</Filter>
    </ClCompile>
    <ClCompile Include="Graphics\GraphicsSystem.cpp">
      <Filter>Source Files</Filter>
    </ClCompile>
    <ClCompile Include="Graphics\Rendering\Direct3D11\Direct3D11Renderer.ixx">
      <Filter>Source Files</Filter>
    </ClCompile>
  </ItemGroup>
</Project>